# Python 3.6 tooling for the scikit-image 0.17.2 wheel builder only.
# Never resolve dependencies here: use the L4T image's NumPy 1.19.5 headers.
# pip 9 in the base may select Cython's pure-Python wheel; pip 21 also accepts aarch64.
pip==21.3.1 \
    --hash=sha256:deaf32dcd9ab821e359cd8330786bcd077604b5c5730c0b096eda46f95c24a2d
setuptools==59.6.0 \
    --hash=sha256:4ce92f1e1f8f01233ee9952c04f6b81d1e02939d6e1b488428154974a4d0783e
wheel==0.37.1 \
    --hash=sha256:4bdcd7d840138086126cd09254dc6195fb4fc6f01c050a1d7236f2630db1d22a
Cython==0.29.36 \
    --hash=sha256:95bb13d8be507425d03ebe051f90d4b2a9fdccc64e4f30b35645fdb7542742eb \
    --hash=sha256:cd77cedbcc13cb67aef39b8615fd50a67fc42b0c6defea6fc0a21e19d3a062ec
